
Microsoft Visual Studio Solution File, Format Version 12.00
# Visual Studio Version 17
VisualStudioVersion = 17.7.34003.232
MinimumVisualStudioVersion = 10.0.40219.1
Project("{FAE04EC0-301F-11D3-BF4B-00C04F79EFBC}") = "API", "API\API.csproj", "{887E809B-4026-4EFA-8632-CCBC20BAD0BC}"
EndProject
Project("{FAE04EC0-301F-11D3-BF4B-00C04F79EFBC}") = "WebApplication", "WebApplication\WebApplication.csproj", "{2D70D07E-68E1-479B-9713-3E988BF25340}"
EndProject
Global
	GlobalSection(SolutionConfigurationPlatforms) = preSolution
		Debug|Any CPU = Debug|Any CPU
		Release|Any CPU = Release|Any CPU
	EndGlobalSection
	GlobalSection(ProjectConfigurationPlatforms) = postSolution
		{887E809B-4026-4EFA-8632-CCBC20BAD0BC}.Debug|Any CPU.ActiveCfg = Debug|Any CPU
		{887E809B-4026-4EFA-8632-CCBC20BAD0BC}.Debug|Any CPU.Build.0 = Debug|Any CPU
		{887E809B-4026-4EFA-8632-CCBC20BAD0BC}.Release|Any CPU.ActiveCfg = Release|Any CPU
		{887E809B-4026-4EFA-8632-CCBC20BAD0BC}.Release|Any CPU.Build.0 = Release|Any CPU
		{2D70D07E-68E1-479B-9713-3E988BF25340}.Debug|Any CPU.ActiveCfg = Debug|Any CPU
		{2D70D07E-68E1-479B-9713-3E988BF25340}.Debug|Any CPU.Build.0 = Debug|Any CPU
		{2D70D07E-68E1-479B-9713-3E988BF25340}.Release|Any CPU.ActiveCfg = Release|Any CPU
		{2D70D07E-68E1-479B-9713-3E988BF25340}.Release|Any CPU.Build.0 = Release|Any CPU
	EndGlobalSection
	GlobalSection(SolutionProperties) = preSolution
		HideSolutionNode = FALSE
	EndGlobalSection
	GlobalSection(ExtensibilityGlobals) = postSolution
		SolutionGuid = {93ABACCC-3B9C-472E-9D91-7A9408BF54F3}
	EndGlobalSection
EndGlobal
